
Microsoft Visual Studio Solution File, Format Version 12.00
# Visual Studio 14
VisualStudioVersion = 14.0.25420.1
MinimumVisualStudioVersion = 10.0.40219.1
Project("{2150E333-8FDC-42A3-9474-1A3956D46DE8}") = "src", "src", "{8D221489-B692-4E11-A4AB-6D5898E49575}"
EndProject
Project("{2150E333-8FDC-42A3-9474-1A3956D46DE8}") = "Solution Items", "Solution Items", "{B930D9B3-5D0A-4513-8686-ABFF99A1BEB5}"
	ProjectSection(SolutionItems) = preProject
		default.runsettings = default.runsettings
		global.json = global.json
		NuGet.Config = NuGet.Config
	EndProjectSection
EndProject
Project("{8BB2217D-0F2D-49D1-97BC-3654ED321F3B}") = "ObjectStore", "src\ObjectStore\ObjectStore.xproj", "{E94894A8-ED34-4209-839C-A50B0F1081E5}"
EndProject
Project("{8BB2217D-0F2D-49D1-97BC-3654ED321F3B}") = "ObjectStore.Interfaces", "src\ObjectStore.Interfaces\ObjectStore.Interfaces.xproj", "{20EBE29F-289F-4835-8FDB-A0DC85F03475}"
EndProject
Project("{8BB2217D-0F2D-49D1-97BC-3654ED321F3B}") = "ObjectStore.Identity", "src\ObjectStore.Identity\ObjectStore.Identity.xproj", "{5168E67E-FBB6-4172-8A40-5E32CE74EAC2}"
EndProject
Project("{8BB2217D-0F2D-49D1-97BC-3654ED321F3B}") = "TestAspSite", "src\TestAspSite\TestAspSite.xproj", "{E8FC40C6-FC08-4943-B6D4-8D840C2DBD22}"
EndProject
Project("{2150E333-8FDC-42A3-9474-1A3956D46DE8}") = "test", "test", "{3365C7B4-A7BC-4261-9628-45CDE634DA19}"
EndProject
Project("{8BB2217D-0F2D-49D1-97BC-3654ED321F3B}") = "ObjectStore.Test", "test\ObjectStore.Test\ObjectStore.Test.xproj", "{85790DE1-C36D-4C76-B152-63EA75F952A8}"
EndProject
Project("{8BB2217D-0F2D-49D1-97BC-3654ED321F3B}") = "ObjectStore.SqlClient", "src\ObjectStore.SqlClient\ObjectStore.SqlClient.xproj", "{D1FEB57E-9CC8-4D22-83E1-3510AD830DCB}"
EndProject
Project("{8BB2217D-0F2D-49D1-97BC-3654ED321F3B}") = "ObjectStore.SQLite", "src\ObjectStore.SQLite\ObjectStore.SQLite.xproj", "{755E331A-6379-495D-BA4D-CC1CEF3A93C7}"
EndProject
Project("{8BB2217D-0F2D-49D1-97BC-3654ED321F3B}") = "ObjectStore.Test.SqlClient", "test\ObjectStore.Test.SqlClient\ObjectStore.Test.SqlClient.xproj", "{D2CDB8E5-6602-45BF-AA0C-93682A9C4C8D}"
EndProject
Project("{8BB2217D-0F2D-49D1-97BC-3654ED321F3B}") = "ObjectStore.Test.Sqlite", "test\ObjectStore.Test.Sqlite\ObjectStore.Test.Sqlite.xproj", "{EBA57D58-FF0B-4746-9DD1-65F971EF6C6E}"
EndProject
Project("{8BB2217D-0F2D-49D1-97BC-3654ED321F3B}") = "ObjectStore.Test.Identity", "test\ObjectStore.Test.Identity\ObjectStore.Test.Identity.xproj", "{BF111D86-B987-436C-A938-E44777495BA3}"
EndProject
Global
	GlobalSection(SolutionConfigurationPlatforms) = preSolution
		Debug|Any CPU = Debug|Any CPU
		Release|Any CPU = Release|Any CPU
	EndGlobalSection
	GlobalSection(ProjectConfigurationPlatforms) = postSolution
		{E94894A8-ED34-4209-839C-A50B0F1081E5}.Debug|Any CPU.ActiveCfg = Debug|Any CPU
		{E94894A8-ED34-4209-839C-A50B0F1081E5}.Debug|Any CPU.Build.0 = Debug|Any CPU
		{E94894A8-ED34-4209-839C-A50B0F1081E5}.Release|Any CPU.ActiveCfg = Release|Any CPU
		{E94894A8-ED34-4209-839C-A50B0F1081E5}.Release|Any CPU.Build.0 = Release|Any CPU
		{20EBE29F-289F-4835-8FDB-A0DC85F03475}.Debug|Any CPU.ActiveCfg = Debug|Any CPU
		{20EBE29F-289F-4835-8FDB-A0DC85F03475}.Debug|Any CPU.Build.0 = Debug|Any CPU
		{20EBE29F-289F-4835-8FDB-A0DC85F03475}.Release|Any CPU.ActiveCfg = Release|Any CPU
		{20EBE29F-289F-4835-8FDB-A0DC85F03475}.Release|Any CPU.Build.0 = Release|Any CPU
		{5168E67E-FBB6-4172-8A40-5E32CE74EAC2}.Debug|Any CPU.ActiveCfg = Debug|Any CPU
		{5168E67E-FBB6-4172-8A40-5E32CE74EAC2}.Debug|Any CPU.Build.0 = Debug|Any CPU
		{5168E67E-FBB6-4172-8A40-5E32CE74EAC2}.Release|Any CPU.ActiveCfg = Release|Any CPU
		{5168E67E-FBB6-4172-8A40-5E32CE74EAC2}.Release|Any CPU.Build.0 = Release|Any CPU
		{E8FC40C6-FC08-4943-B6D4-8D840C2DBD22}.Debug|Any CPU.ActiveCfg = Debug|Any CPU
		{E8FC40C6-FC08-4943-B6D4-8D840C2DBD22}.Debug|Any CPU.Build.0 = Debug|Any CPU
		{E8FC40C6-FC08-4943-B6D4-8D840C2DBD22}.Release|Any CPU.ActiveCfg = Release|Any CPU
		{E8FC40C6-FC08-4943-B6D4-8D840C2DBD22}.Release|Any CPU.Build.0 = Release|Any CPU
		{85790DE1-C36D-4C76-B152-63EA75F952A8}.Debug|Any CPU.ActiveCfg = Debug|Any CPU
		{85790DE1-C36D-4C76-B152-63EA75F952A8}.Debug|Any CPU.Build.0 = Debug|Any CPU
		{85790DE1-C36D-4C76-B152-63EA75F952A8}.Release|Any CPU.ActiveCfg = Release|Any CPU
		{85790DE1-C36D-4C76-B152-63EA75F952A8}.Release|Any CPU.Build.0 = Release|Any CPU
		{D1FEB57E-9CC8-4D22-83E1-3510AD830DCB}.Debug|Any CPU.ActiveCfg = Debug|Any CPU
		{D1FEB57E-9CC8-4D22-83E1-3510AD830DCB}.Debug|Any CPU.Build.0 = Debug|Any CPU
		{D1FEB57E-9CC8-4D22-83E1-3510AD830DCB}.Release|Any CPU.ActiveCfg = Release|Any CPU
		{D1FEB57E-9CC8-4D22-83E1-3510AD830DCB}.Release|Any CPU.Build.0 = Release|Any CPU
		{755E331A-6379-495D-BA4D-CC1CEF3A93C7}.Debug|Any CPU.ActiveCfg = Debug|Any CPU
		{755E331A-6379-495D-BA4D-CC1CEF3A93C7}.Debug|Any CPU.Build.0 = Debug|Any CPU
		{755E331A-6379-495D-BA4D-CC1CEF3A93C7}.Release|Any CPU.ActiveCfg = Release|Any CPU
		{755E331A-6379-495D-BA4D-CC1CEF3A93C7}.Release|Any CPU.Build.0 = Release|Any CPU
		{D2CDB8E5-6602-45BF-AA0C-93682A9C4C8D}.Debug|Any CPU.ActiveCfg = Debug|Any CPU
		{D2CDB8E5-6602-45BF-AA0C-93682A9C4C8D}.Debug|Any CPU.Build.0 = Debug|Any CPU
		{D2CDB8E5-6602-45BF-AA0C-93682A9C4C8D}.Release|Any CPU.ActiveCfg = Release|Any CPU
		{D2CDB8E5-6602-45BF-AA0C-93682A9C4C8D}.Release|Any CPU.Build.0 = Release|Any CPU
		{EBA57D58-FF0B-4746-9DD1-65F971EF6C6E}.Debug|Any CPU.ActiveCfg = Debug|Any CPU
		{EBA57D58-FF0B-4746-9DD1-65F971EF6C6E}.Debug|Any CPU.Build.0 = Debug|Any CPU
		{EBA57D58-FF0B-4746-9DD1-65F971EF6C6E}.Release|Any CPU.ActiveCfg = Release|Any CPU
		{EBA57D58-FF0B-4746-9DD1-65F971EF6C6E}.Release|Any CPU.Build.0 = Release|Any CPU
		{BF111D86-B987-436C-A938-E44777495BA3}.Debug|Any CPU.ActiveCfg = Debug|Any CPU
		{BF111D86-B987-436C-A938-E44777495BA3}.Debug|Any CPU.Build.0 = Debug|Any CPU
		{BF111D86-B987-436C-A938-E44777495BA3}.Release|Any CPU.ActiveCfg = Release|Any CPU
		{BF111D86-B987-436C-A938-E44777495BA3}.Release|Any CPU.Build.0 = Release|Any CPU
	EndGlobalSection
	GlobalSection(SolutionProperties) = preSolution
		HideSolutionNode = FALSE
	EndGlobalSection
	GlobalSection(NestedProjects) = preSolution
		{E94894A8-ED34-4209-839C-A50B0F1081E5} = {8D221489-B692-4E11-A4AB-6D5898E49575}
		{20EBE29F-289F-4835-8FDB-A0DC85F03475} = {8D221489-B692-4E11-A4AB-6D5898E49575}
		{5168E67E-FBB6-4172-8A40-5E32CE74EAC2} = {8D221489-B692-4E11-A4AB-6D5898E49575}
		{E8FC40C6-FC08-4943-B6D4-8D840C2DBD22} = {8D221489-B692-4E11-A4AB-6D5898E49575}
		{85790DE1-C36D-4C76-B152-63EA75F952A8} = {3365C7B4-A7BC-4261-9628-45CDE634DA19}
		{D1FEB57E-9CC8-4D22-83E1-3510AD830DCB} = {8D221489-B692-4E11-A4AB-6D5898E49575}
		{755E331A-6379-495D-BA4D-CC1CEF3A93C7} = {8D221489-B692-4E11-A4AB-6D5898E49575}
		{D2CDB8E5-6602-45BF-AA0C-93682A9C4C8D} = {3365C7B4-A7BC-4261-9628-45CDE634DA19}
		{EBA57D58-FF0B-4746-9DD1-65F971EF6C6E} = {3365C7B4-A7BC-4261-9628-45CDE634DA19}
		{BF111D86-B987-436C-A938-E44777495BA3} = {3365C7B4-A7BC-4261-9628-45CDE634DA19}
	EndGlobalSection
EndGlobal
